// !$*UTF8*$!
{
	archiveVersion = 1;
	classes = {
	};
	objectVersion = 110;
	objects = {

/* Begin PBXBuildFile section */
		9B84AFE13015AD280008EF67 /* SnapCore in Frameworks */ = {isa = PBXBuildFile; productRef = 9B84AFE03015AD280008EF67 /* SnapCore */; };
		9B84AFE33015AD280008EF67 /* SnapCoreEngine in Frameworks */ = {isa = PBXBuildFile; productRef = 9B84AFE23015AD280008EF67 /* SnapCoreEngine */; };
		9B84AFF63015B69F0008EF67 /* ReplayKit.framework in Frameworks */ = {isa = PBXBuildFile; fileRef = 9B84AFF53015B69F0008EF67 /* ReplayKit.framework */; };
		A10000013021A00100000001 /* SnapCore in Frameworks */ = {isa = PBXBuildFile; productRef = 9B84AFE03015AD280008EF67 /* SnapCore */; };
		9B84B0003015B69F0008EF67 /* ReplayKit.framework in Frameworks */ = {isa = PBXBuildFile; fileRef = 9B84AFF53015B69F0008EF67 /* ReplayKit.framework */; };
		9B84B0023015B69F0008EF67 /* UIKit.framework in Frameworks */ = {isa = PBXBuildFile; fileRef = 9B84B0013015B69F0008EF67 /* UIKit.framework */; };
		9B84B0093015B69F0008EF67 /* FireTVBroadcastSetupUI.appex in Embed Foundation Extensions */ = {isa = PBXBuildFile; fileRef = 9B84AFFF3015B69F0008EF67 /* FireTVBroadcastSetupUI.appex */; settings = {ATTRIBUTES = (RemoveHeadersOnCopy, ); }; };
		9B84B00C3015B69F0008EF67 /* FireTVBroadcast.appex in Embed Foundation Extensions */ = {isa = PBXBuildFile; fileRef = 9B84AFF33015B69F0008EF67 /* FireTVBroadcast.appex */; settings = {ATTRIBUTES = (RemoveHeadersOnCopy, ); }; };
/* End PBXBuildFile section */

/* Begin PBXContainerItemProxy section */
		9B84B0073015B69F0008EF67 /* PBXContainerItemProxy */ = {
			isa = PBXContainerItemProxy;
			containerPortal = 9B84AFC93015AD0B0008EF67 /* Project object */;
			proxyType = 1;
			remoteGlobalIDString = 9B84AFFE3015B69F0008EF67;
			remoteInfo = FireTVBroadcastSetupUI;
		};
		9B84B00A3015B69F0008EF67 /* PBXContainerItemProxy */ = {
			isa = PBXContainerItemProxy;
			containerPortal = 9B84AFC93015AD0B0008EF67 /* Project object */;
			proxyType = 1;
			remoteGlobalIDString = 9B84AFF23015B69F0008EF67;
			remoteInfo = FireTVBroadcast;
		};
/* End PBXContainerItemProxy section */

/* Begin PBXCopyFilesBuildPhase section */
		9B84B0153015B69F0008EF67 /* Embed Foundation Extensions */ = {
			isa = PBXCopyFilesBuildPhase;
			dstPath = "";
			dstSubfolder = PlugIns;
			files = (
				9B84B00C3015B69F0008EF67 /* FireTVBroadcast.appex in Embed Foundation Extensions */,
				9B84B0093015B69F0008EF67 /* FireTVBroadcastSetupUI.appex in Embed Foundation Extensions */,
			);
			name = "Embed Foundation Extensions";
		};
/* End PBXCopyFilesBuildPhase section */

/* Begin PBXFileReference section */
		9B84AFD13015AD0B0008EF67 /* iOSFramesToFireTV.app */ = {isa = PBXFileReference; explicitFileType = wrapper.application; includeInIndex = 0; path = iOSFramesToFireTV.app; sourceTree = BUILT_PRODUCTS_DIR; };
		9B84AFF33015B69F0008EF67 /* FireTVBroadcast.appex */ = {isa = PBXFileReference; explicitFileType = "wrapper.app-extension"; includeInIndex = 0; path = FireTVBroadcast.appex; sourceTree = BUILT_PRODUCTS_DIR; };
		9B84AFF53015B69F0008EF67 /* ReplayKit.framework */ = {isa = PBXFileReference; lastKnownFileType = wrapper.framework; name = ReplayKit.framework; path = System/Library/Frameworks/ReplayKit.framework; sourceTree = SDKROOT; };
		9B84AFFF3015B69F0008EF67 /* FireTVBroadcastSetupUI.appex */ = {isa = PBXFileReference; explicitFileType = "wrapper.app-extension"; includeInIndex = 0; path = FireTVBroadcastSetupUI.appex; sourceTree = BUILT_PRODUCTS_DIR; };
		9B84B0013015B69F0008EF67 /* UIKit.framework */ = {isa = PBXFileReference; lastKnownFileType = wrapper.framework; name = UIKit.framework; path = System/Library/Frameworks/UIKit.framework; sourceTree = SDKROOT; };
/* End PBXFileReference section */

/* Begin PBXFileSystemSynchronizedBuildFileExceptionSet section */
		9B84B00D3015B69F0008EF67 /* Exceptions for "FireTVBroadcast" folder in "FireTVBroadcast" target */ = {
			isa = PBXFileSystemSynchronizedBuildFileExceptionSet;
			membershipExceptions = (
				Info.plist,
			);
			target = 9B84AFF23015B69F0008EF67 /* FireTVBroadcast */;
		};
		9B84B0113015B69F0008EF67 /* Exceptions for "FireTVBroadcastSetupUI" folder in "FireTVBroadcastSetupUI" target */ = {
			isa = PBXFileSystemSynchronizedBuildFileExceptionSet;
			membershipExceptions = (
				Info.plist,
			);
			target = 9B84AFFE3015B69F0008EF67 /* FireTVBroadcastSetupUI */;
		};
/* End PBXFileSystemSynchronizedBuildFileExceptionSet section */

/* Begin PBXFileSystemSynchronizedRootGroup section */
		9B84AFD33015AD0B0008EF67 /* iOSFramesToFireTV */ = {
			isa = PBXFileSystemSynchronizedRootGroup;
			path = iOSFramesToFireTV;
			sourceTree = "<group>";
		};
		9B84AFF73015B69F0008EF67 /* FireTVBroadcast */ = {
			isa = PBXFileSystemSynchronizedRootGroup;
			exceptions = (
				9B84B00D3015B69F0008EF67 /* Exceptions for "FireTVBroadcast" folder in "FireTVBroadcast" target */,
			);
			path = FireTVBroadcast;
			sourceTree = "<group>";
		};
		9B84B0033015B69F0008EF67 /* FireTVBroadcastSetupUI */ = {
			isa = PBXFileSystemSynchronizedRootGroup;
			exceptions = (
				9B84B0113015B69F0008EF67 /* Exceptions for "FireTVBroadcastSetupUI" folder in "FireTVBroadcastSetupUI" target */,
			);
			path = FireTVBroadcastSetupUI;
			sourceTree = "<group>";
		};
/* End PBXFileSystemSynchronizedRootGroup section */

/* Begin PBXFrameworksBuildPhase section */
		9B84AFCE3015AD0B0008EF67 /* Frameworks */ = {
			isa = PBXFrameworksBuildPhase;
			files = (
				9B84AFE13015AD280008EF67 /* SnapCore in Frameworks */,
				9B84AFE33015AD280008EF67 /* SnapCoreEngine in Frameworks */,
			);
		};
		9B84AFF03015B69F0008EF67 /* Frameworks */ = {
			isa = PBXFrameworksBuildPhase;
			files = (
				A10000013021A00100000001 /* SnapCore in Frameworks */,
				9B84AFF63015B69F0008EF67 /* ReplayKit.framework in Frameworks */,
			);
		};
		9B84AFFC3015B69F0008EF67 /* Frameworks */ = {
			isa = PBXFrameworksBuildPhase;
			files = (
				9B84B0003015B69F0008EF67 /* ReplayKit.framework in Frameworks */,
				9B84B0023015B69F0008EF67 /* UIKit.framework in Frameworks */,
			);
		};
/* End PBXFrameworksBuildPhase section */

/* Begin PBXGroup section */
		9B84AFC83015AD0B0008EF67 = {
			isa = PBXGroup;
			children = (
				9B84AFD33015AD0B0008EF67 /* iOSFramesToFireTV */,
				9B84AFF73015B69F0008EF67 /* FireTVBroadcast */,
				9B84B0033015B69F0008EF67 /* FireTVBroadcastSetupUI */,
				9B84AFF43015B69F0008EF67 /* Frameworks */,
				9B84AFD23015AD0B0008EF67 /* Products */,
			);
			sourceTree = "<group>";
		};
		9B84AFD23015AD0B0008EF67 /* Products */ = {
			isa = PBXGroup;
			children = (
				9B84AFD13015AD0B0008EF67 /* iOSFramesToFireTV.app */,
				9B84AFF33015B69F0008EF67 /* FireTVBroadcast.appex */,
				9B84AFFF3015B69F0008EF67 /* FireTVBroadcastSetupUI.appex */,
			);
			name = Products;
			sourceTree = "<group>";
		};
		9B84AFF43015B69F0008EF67 /* Frameworks */ = {
			isa = PBXGroup;
			children = (
				9B84AFF53015B69F0008EF67 /* ReplayKit.framework */,
				9B84B0013015B69F0008EF67 /* UIKit.framework */,
			);
			name = Frameworks;
			sourceTree = "<group>";
		};
/* End PBXGroup section */

/* Begin PBXNativeTarget section */
		9B84AFD03015AD0B0008EF67 /* iOSFramesToFireTV */ = {
			isa = PBXNativeTarget;
			buildConfigurationList = 9B84AFDC3015AD0D0008EF67 /* Build configuration list for PBXNativeTarget "iOSFramesToFireTV" */;
			buildPhases = (
				9B84AFCD3015AD0B0008EF67 /* Sources */,
				9B84AFCE3015AD0B0008EF67 /* Frameworks */,
				9B84AFCF3015AD0B0008EF67 /* Resources */,
				9B84B0153015B69F0008EF67 /* Embed Foundation Extensions */,
			);
			buildRules = (
			);
			dependencies = (
				9B84B0083015B69F0008EF67 /* PBXTargetDependency */,
				9B84B00B3015B69F0008EF67 /* PBXTargetDependency */,
			);
			fileSystemSynchronizedGroups = (
				9B84AFD33015AD0B0008EF67 /* iOSFramesToFireTV */,
			);
			name = iOSFramesToFireTV;
			packageProductDependencies = (
				9B84AFE03015AD280008EF67 /* SnapCore */,
				9B84AFE23015AD280008EF67 /* SnapCoreEngine */,
			);
			productName = iOSFramesToFireTV;
			productReference = 9B84AFD13015AD0B0008EF67 /* iOSFramesToFireTV.app */;
			productType = "com.apple.product-type.application";
		};
		9B84AFF23015B69F0008EF67 /* FireTVBroadcast */ = {
			isa = PBXNativeTarget;
			buildConfigurationList = 9B84B00E3015B69F0008EF67 /* Build configuration list for PBXNativeTarget "FireTVBroadcast" */;
			buildPhases = (
				9B84AFEF3015B69F0008EF67 /* Sources */,
				9B84AFF03015B69F0008EF67 /* Frameworks */,
				9B84AFF13015B69F0008EF67 /* Resources */,
			);
			buildRules = (
			);
			fileSystemSynchronizedGroups = (
				9B84AFF73015B69F0008EF67 /* FireTVBroadcast */,
			);
			name = FireTVBroadcast;
			packageProductDependencies = (
				9B84AFE03015AD280008EF67 /* SnapCore */,
			);
			productName = FireTVBroadcast;
			productReference = 9B84AFF33015B69F0008EF67 /* FireTVBroadcast.appex */;
			productType = "com.apple.product-type.app-extension";
		};
		9B84AFFE3015B69F0008EF67 /* FireTVBroadcastSetupUI */ = {
			isa = PBXNativeTarget;
			buildConfigurationList = 9B84B0123015B69F0008EF67 /* Build configuration list for PBXNativeTarget "FireTVBroadcastSetupUI" */;
			buildPhases = (
				9B84AFFB3015B69F0008EF67 /* Sources */,
				9B84AFFC3015B69F0008EF67 /* Frameworks */,
				9B84AFFD3015B69F0008EF67 /* Resources */,
			);
			buildRules = (
			);
			fileSystemSynchronizedGroups = (
				9B84B0033015B69F0008EF67 /* FireTVBroadcastSetupUI */,
			);
			name = FireTVBroadcastSetupUI;
			productName = FireTVBroadcastSetupUI;
			productReference = 9B84AFFF3015B69F0008EF67 /* FireTVBroadcastSetupUI.appex */;
			productType = "com.apple.product-type.app-extension";
		};
/* End PBXNativeTarget section */

/* Begin PBXProject section */
		9B84AFC93015AD0B0008EF67 /* Project object */ = {
			isa = PBXProject;
			attributes = {
				BuildIndependentTargetsInParallel = 1;
				LastSwiftUpdateCheck = 2700;
				LastUpgradeCheck = 2700;
				TargetAttributes = {
					9B84AFD03015AD0B0008EF67 = {
						SystemCapabilities = {
							com.apple.ApplicationGroups.iOS = {
								enabled = 1;
							};
						};
						CreatedOnToolsVersion = 27.0;
					};
					9B84AFF23015B69F0008EF67 = {
						SystemCapabilities = {
							com.apple.ApplicationGroups.iOS = {
								enabled = 1;
							};
						};
						CreatedOnToolsVersion = 27.0;
					};
					9B84AFFE3015B69F0008EF67 = {
						CreatedOnToolsVersion = 27.0;
					};
				};
			};
			buildConfigurationList = 9B84AFCC3015AD0B0008EF67 /* Build configuration list for PBXProject "iOSFramesToFireTV" */;
			developmentRegion = en;
			hasScannedForEncodings = 0;
			knownRegions = (
				en,
				Base,
			);
			mainGroup = 9B84AFC83015AD0B0008EF67;
			minimizedProjectReferenceProxies = 1;
			packageReferences = (
				9B84AFDF3015AD280008EF67 /* XCLocalSwiftPackageReference "../SnapCore" */,
			);
			preferredProjectObjectVersion = 77;
			productRefGroup = 9B84AFD23015AD0B0008EF67 /* Products */;
			projectDirPath = "";
			projectRoot = "";
			targets = (
				9B84AFD03015AD0B0008EF67 /* iOSFramesToFireTV */,
				9B84AFF23015B69F0008EF67 /* FireTVBroadcast */,
				9B84AFFE3015B69F0008EF67 /* FireTVBroadcastSetupUI */,
			);
		};
/* End PBXProject section */

/* Begin PBXResourcesBuildPhase section */
		9B84AFCF3015AD0B0008EF67 /* Resources */ = {
			isa = PBXResourcesBuildPhase;
			files = (
			);
		};
		9B84AFF13015B69F0008EF67 /* Resources */ = {
			isa = PBXResourcesBuildPhase;
			files = (
			);
		};
		9B84AFFD3015B69F0008EF67 /* Resources */ = {
			isa = PBXResourcesBuildPhase;
			files = (
			);
		};
/* End PBXResourcesBuildPhase section */

/* Begin PBXSourcesBuildPhase section */
		9B84AFCD3015AD0B0008EF67 /* Sources */ = {
			isa = PBXSourcesBuildPhase;
			files = (
			);
		};
		9B84AFEF3015B69F0008EF67 /* Sources */ = {
			isa = PBXSourcesBuildPhase;
			files = (
			);
		};
		9B84AFFB3015B69F0008EF67 /* Sources */ = {
			isa = PBXSourcesBuildPhase;
			files = (
			);
		};
/* End PBXSourcesBuildPhase section */

/* Begin PBXTargetDependency section */
		9B84B0083015B69F0008EF67 /* PBXTargetDependency */ = {
			isa = PBXTargetDependency;
			target = 9B84AFFE3015B69F0008EF67 /* FireTVBroadcastSetupUI */;
			targetProxy = 9B84B0073015B69F0008EF67 /* PBXContainerItemProxy */;
		};
		9B84B00B3015B69F0008EF67 /* PBXTargetDependency */ = {
			isa = PBXTargetDependency;
			target = 9B84AFF23015B69F0008EF67 /* FireTVBroadcast */;
			targetProxy = 9B84B00A3015B69F0008EF67 /* PBXContainerItemProxy */;
		};
/* End PBXTargetDependency section */

/* Begin XCBuildConfiguration section */
		9B84AFDA3015AD0D0008EF67 /* Debug configuration for PBXProject "iOSFramesToFireTV" */ = {
			isa = XCBuildConfiguration;
			buildSettings = {
				ALWAYS_SEARCH_USER_PATHS = NO;
				ASSETCATALOG_COMPILER_GENERATE_SWIFT_ASSET_SYMBOL_EXTENSIONS = YES;
				CLANG_ANALYZER_NONNULL = YES;
				CLANG_ANALYZER_NUMBER_OBJECT_CONVERSION = YES_AGGRESSIVE;
				CLANG_CXX_LANGUAGE_STANDARD = "gnu++20";
				CLANG_ENABLE_MODULES = YES;
				CLANG_ENABLE_OBJC_ARC = YES;
				CLANG_ENABLE_OBJC_WEAK = YES;
				CLANG_WARN_BLOCK_CAPTURE_AUTORELEASING = YES;
				CLANG_WARN_BOOL_CONVERSION = YES;
				CLANG_WARN_COMMA = YES;
				CLANG_WARN_CONSTANT_CONVERSION = YES;
				CLANG_WARN_DEPRECATED_OBJC_IMPLEMENTATIONS = YES;
				CLANG_WARN_DIRECT_OBJC_ISA_USAGE = YES_ERROR;
				CLANG_WARN_DOCUMENTATION_COMMENTS = YES;
				CLANG_WARN_EMPTY_BODY = YES;
				CLANG_WARN_ENUM_CONVERSION = YES;
				CLANG_WARN_INFINITE_RECURSION = YES;
				CLANG_WARN_INT_CONVERSION = YES;
				CLANG_WARN_NON_LITERAL_NULL_CONVERSION = YES;
				CLANG_WARN_OBJC_IMPLICIT_RETAIN_SELF = YES;
				CLANG_WARN_OBJC_LITERAL_CONVERSION = YES;
				CLANG_WARN_OBJC_ROOT_CLASS = YES_ERROR;
				CLANG_WARN_QUOTED_INCLUDE_IN_FRAMEWORK_HEADER = YES;
				CLANG_WARN_RANGE_LOOP_ANALYSIS = YES;
				CLANG_WARN_STRICT_PROTOTYPES = YES;
				CLANG_WARN_SUSPICIOUS_MOVE = YES;
				CLANG_WARN_UNGUARDED_AVAILABILITY = YES_AGGRESSIVE;
				CLANG_WARN_UNREACHABLE_CODE = YES;
				CLANG_WARN__DUPLICATE_METHOD_MATCH = YES;
				COPY_PHASE_STRIP = NO;
				DEBUG_INFORMATION_FORMAT = dwarf;
				DEVELOPMENT_TEAM = B9P888266K;
				ENABLE_STRICT_OBJC_MSGSEND = YES;
				ENABLE_TESTABILITY = YES;
				ENABLE_USER_SCRIPT_SANDBOXING = YES;
				GCC_C_LANGUAGE_STANDARD = gnu17;
				GCC_DYNAMIC_NO_PIC = NO;
				GCC_NO_COMMON_BLOCKS = YES;
				GCC_OPTIMIZATION_LEVEL = 0;
				GCC_PREPROCESSOR_DEFINITIONS = (
					"DEBUG=1",
					"$(inherited)",
				);
				GCC_WARN_64_TO_32_BIT_CONVERSION = YES;
				GCC_WARN_ABOUT_RETURN_TYPE = YES_ERROR;
				GCC_WARN_UNDECLARED_SELECTOR = YES;
				GCC_WARN_UNINITIALIZED_AUTOS = YES_AGGRESSIVE;
				GCC_WARN_UNUSED_FUNCTION = YES;
				GCC_WARN_UNUSED_VARIABLE = YES;
				IPHONEOS_DEPLOYMENT_TARGET = 18.0;
				LOCALIZATION_PREFERS_STRING_CATALOGS = YES;
				MTL_ENABLE_DEBUG_INFO = INCLUDE_SOURCE;
				MTL_FAST_MATH = YES;
				ONLY_ACTIVE_ARCH = YES;
				SDKROOT = iphoneos;
				SWIFT_ACTIVE_COMPILATION_CONDITIONS = "DEBUG $(inherited)";
				SWIFT_OPTIMIZATION_LEVEL = "-Onone";
			};
			name = Debug;
		};
		9B84AFDB3015AD0D0008EF67 /* Release configuration for PBXProject "iOSFramesToFireTV" */ = {
			isa = XCBuildConfiguration;
			buildSettings = {
				ALWAYS_SEARCH_USER_PATHS = NO;
				ASSETCATALOG_COMPILER_GENERATE_SWIFT_ASSET_SYMBOL_EXTENSIONS = YES;
				CLANG_ANALYZER_NONNULL = YES;
				CLANG_ANALYZER_NUMBER_OBJECT_CONVERSION = YES_AGGRESSIVE;
				CLANG_CXX_LANGUAGE_STANDARD = "gnu++20";
				CLANG_ENABLE_MODULES = YES;
				CLANG_ENABLE_OBJC_ARC = YES;
				CLANG_ENABLE_OBJC_WEAK = YES;
				CLANG_WARN_BLOCK_CAPTURE_AUTORELEASING = YES;
				CLANG_WARN_BOOL_CONVERSION = YES;
				CLANG_WARN_COMMA = YES;
				CLANG_WARN_CONSTANT_CONVERSION = YES;
				CLANG_WARN_DEPRECATED_OBJC_IMPLEMENTATIONS = YES;
				CLANG_WARN_DIRECT_OBJC_ISA_USAGE = YES_ERROR;
				CLANG_WARN_DOCUMENTATION_COMMENTS = YES;
				CLANG_WARN_EMPTY_BODY = YES;
				CLANG_WARN_ENUM_CONVERSION = YES;
				CLANG_WARN_INFINITE_RECURSION = YES;
				CLANG_WARN_INT_CONVERSION = YES;
				CLANG_WARN_NON_LITERAL_NULL_CONVERSION = YES;
				CLANG_WARN_OBJC_IMPLICIT_RETAIN_SELF = YES;
				CLANG_WARN_OBJC_LITERAL_CONVERSION = YES;
				CLANG_WARN_OBJC_ROOT_CLASS = YES_ERROR;
				CLANG_WARN_QUOTED_INCLUDE_IN_FRAMEWORK_HEADER = YES;
				CLANG_WARN_RANGE_LOOP_ANALYSIS = YES;
				CLANG_WARN_STRICT_PROTOTYPES = YES;
				CLANG_WARN_SUSPICIOUS_MOVE = YES;
				CLANG_WARN_UNGUARDED_AVAILABILITY = YES_AGGRESSIVE;
				CLANG_WARN_UNREACHABLE_CODE = YES;
				CLANG_WARN__DUPLICATE_METHOD_MATCH = YES;
				COPY_PHASE_STRIP = NO;
				DEBUG_INFORMATION_FORMAT = "dwarf-with-dsym";
				DEVELOPMENT_TEAM = B9P888266K;
				ENABLE_NS_ASSERTIONS = NO;
				ENABLE_STRICT_OBJC_MSGSEND = YES;
				ENABLE_USER_SCRIPT_SANDBOXING = YES;
				GCC_C_LANGUAGE_STANDARD = gnu17;
				GCC_NO_COMMON_BLOCKS = YES;
				GCC_WARN_64_TO_32_BIT_CONVERSION = YES;
				GCC_WARN_ABOUT_RETURN_TYPE = YES_ERROR;
				GCC_WARN_UNDECLARED_SELECTOR = YES;
				GCC_WARN_UNINITIALIZED_AUTOS = YES_AGGRESSIVE;
				GCC_WARN_UNUSED_FUNCTION = YES;
				GCC_WARN_UNUSED_VARIABLE = YES;
				IPHONEOS_DEPLOYMENT_TARGET = 18.0;
				LOCALIZATION_PREFERS_STRING_CATALOGS = YES;
				MTL_ENABLE_DEBUG_INFO = NO;
				MTL_FAST_MATH = YES;
				SDKROOT = iphoneos;
				SWIFT_COMPILATION_MODE = wholemodule;
				VALIDATE_PRODUCT = YES;
			};
			name = Release;
		};
		9B84AFDD3015AD0D0008EF67 /* Debug configuration for PBXNativeTarget "iOSFramesToFireTV" */ = {
			isa = XCBuildConfiguration;
			buildSettings = {
				ASSETCATALOG_COMPILER_APPICON_NAME = AppIcon;
				ASSETCATALOG_COMPILER_GLOBAL_ACCENT_COLOR_NAME = AccentColor;
				CODE_SIGN_ENTITLEMENTS = iOSFramesToFireTV/iOSFramesToFireTV.entitlements;
				CODE_SIGN_STYLE = Automatic;
				CURRENT_PROJECT_VERSION = 1;
				DEVELOPMENT_TEAM = B9P888266K;
				ENABLE_PREVIEWS = YES;
				GENERATE_INFOPLIST_FILE = NO;
				INFOPLIST_FILE = Configuration/Info.plist;
				INFOPLIST_KEY_UIApplicationSceneManifest_Generation = YES;
				INFOPLIST_KEY_UIApplicationSupportsIndirectInputEvents = YES;
				INFOPLIST_KEY_UILaunchScreen_Generation = YES;
				INFOPLIST_KEY_UISupportedInterfaceOrientations_iPad = "UIInterfaceOrientationPortrait UIInterfaceOrientationPortraitUpsideDown UIInterfaceOrientationLandscapeLeft UIInterfaceOrientationLandscapeRight";
				INFOPLIST_KEY_UISupportedInterfaceOrientations_iPhone = "UIInterfaceOrientationPortrait UIInterfaceOrientationLandscapeLeft UIInterfaceOrientationLandscapeRight";
				LD_RUNPATH_SEARCH_PATHS = (
					"$(inherited)",
					"@executable_path/Frameworks",
				);
				MARKETING_VERSION = 1.0;
				PRODUCT_BUNDLE_IDENTIFIER = com.aryanrogye.iOSFramesToFireTV;
				PRODUCT_NAME = "$(TARGET_NAME)";
				STRING_CATALOG_GENERATE_SYMBOLS = YES;
				SWIFT_APPROACHABLE_CONCURRENCY = YES;
				SWIFT_DEFAULT_ACTOR_ISOLATION = MainActor;
				SWIFT_EMIT_LOC_STRINGS = YES;
				SWIFT_UPCOMING_FEATURE_MEMBER_IMPORT_VISIBILITY = YES;
				SWIFT_VERSION = 5.0;
				TARGETED_DEVICE_FAMILY = "1,2";
			};
			name = Debug;
		};
		9B84AFDE3015AD0D0008EF67 /* Release configuration for PBXNativeTarget "iOSFramesToFireTV" */ = {
			isa = XCBuildConfiguration;
			buildSettings = {
				ASSETCATALOG_COMPILER_APPICON_NAME = AppIcon;
				ASSETCATALOG_COMPILER_GLOBAL_ACCENT_COLOR_NAME = AccentColor;
				CODE_SIGN_ENTITLEMENTS = iOSFramesToFireTV/iOSFramesToFireTV.entitlements;
				CODE_SIGN_STYLE = Automatic;
				CURRENT_PROJECT_VERSION = 1;
				DEVELOPMENT_TEAM = B9P888266K;
				ENABLE_PREVIEWS = YES;
				GENERATE_INFOPLIST_FILE = NO;
				INFOPLIST_FILE = Configuration/Info.plist;
				INFOPLIST_KEY_UIApplicationSceneManifest_Generation = YES;
				INFOPLIST_KEY_UIApplicationSupportsIndirectInputEvents = YES;
				INFOPLIST_KEY_UILaunchScreen_Generation = YES;
				INFOPLIST_KEY_UISupportedInterfaceOrientations_iPad = "UIInterfaceOrientationPortrait UIInterfaceOrientationPortraitUpsideDown UIInterfaceOrientationLandscapeLeft UIInterfaceOrientationLandscapeRight";
				INFOPLIST_KEY_UISupportedInterfaceOrientations_iPhone = "UIInterfaceOrientationPortrait UIInterfaceOrientationLandscapeLeft UIInterfaceOrientationLandscapeRight";
				LD_RUNPATH_SEARCH_PATHS = (
					"$(inherited)",
					"@executable_path/Frameworks",
				);
				MARKETING_VERSION = 1.0;
				PRODUCT_BUNDLE_IDENTIFIER = com.aryanrogye.iOSFramesToFireTV;
				PRODUCT_NAME = "$(TARGET_NAME)";
				STRING_CATALOG_GENERATE_SYMBOLS = YES;
				SWIFT_APPROACHABLE_CONCURRENCY = YES;
				SWIFT_DEFAULT_ACTOR_ISOLATION = MainActor;
				SWIFT_EMIT_LOC_STRINGS = YES;
				SWIFT_UPCOMING_FEATURE_MEMBER_IMPORT_VISIBILITY = YES;
				SWIFT_VERSION = 5.0;
				TARGETED_DEVICE_FAMILY = "1,2";
			};
			name = Release;
		};
		9B84B00F3015B69F0008EF67 /* Debug configuration for PBXNativeTarget "FireTVBroadcast" */ = {
			isa = XCBuildConfiguration;
			buildSettings = {
				APPLICATION_EXTENSION_API_ONLY = YES;
				CODE_SIGN_ENTITLEMENTS = FireTVBroadcast/FireTVBroadcast.entitlements;
				CODE_SIGN_STYLE = Automatic;
				CURRENT_PROJECT_VERSION = 1;
				DEVELOPMENT_TEAM = B9P888266K;
				GENERATE_INFOPLIST_FILE = YES;
				INFOPLIST_FILE = FireTVBroadcast/Info.plist;
				INFOPLIST_KEY_CFBundleDisplayName = FireTVBroadcast;
				INFOPLIST_KEY_NSHumanReadableCopyright = "";
				LD_RUNPATH_SEARCH_PATHS = (
					"$(inherited)",
					"@executable_path/Frameworks",
					"@executable_path/../../Frameworks",
				);
				MARKETING_VERSION = 1.0;
				PRODUCT_BUNDLE_IDENTIFIER = com.aryanrogye.iOSFramesToFireTV.FireTVBroadcast;
				PRODUCT_NAME = "$(TARGET_NAME)";
				SKIP_INSTALL = YES;
				STRING_CATALOG_GENERATE_SYMBOLS = YES;
				SWIFT_APPROACHABLE_CONCURRENCY = YES;
				SWIFT_EMIT_LOC_STRINGS = YES;
				SWIFT_UPCOMING_FEATURE_MEMBER_IMPORT_VISIBILITY = YES;
				SWIFT_VERSION = 5.0;
				TARGETED_DEVICE_FAMILY = "1,2";
			};
			name = Debug;
		};
		9B84B0103015B69F0008EF67 /* Release configuration for PBXNativeTarget "FireTVBroadcast" */ = {
			isa = XCBuildConfiguration;
			buildSettings = {
				APPLICATION_EXTENSION_API_ONLY = YES;
				CODE_SIGN_ENTITLEMENTS = FireTVBroadcast/FireTVBroadcast.entitlements;
				CODE_SIGN_STYLE = Automatic;
				CURRENT_PROJECT_VERSION = 1;
				DEVELOPMENT_TEAM = B9P888266K;
				GENERATE_INFOPLIST_FILE = YES;
				INFOPLIST_FILE = FireTVBroadcast/Info.plist;
				INFOPLIST_KEY_CFBundleDisplayName = FireTVBroadcast;
				INFOPLIST_KEY_NSHumanReadableCopyright = "";
				LD_RUNPATH_SEARCH_PATHS = (
					"$(inherited)",
					"@executable_path/Frameworks",
					"@executable_path/../../Frameworks",
				);
				MARKETING_VERSION = 1.0;
				PRODUCT_BUNDLE_IDENTIFIER = com.aryanrogye.iOSFramesToFireTV.FireTVBroadcast;
				PRODUCT_NAME = "$(TARGET_NAME)";
				SKIP_INSTALL = YES;
				STRING_CATALOG_GENERATE_SYMBOLS = YES;
				SWIFT_APPROACHABLE_CONCURRENCY = YES;
				SWIFT_EMIT_LOC_STRINGS = YES;
				SWIFT_UPCOMING_FEATURE_MEMBER_IMPORT_VISIBILITY = YES;
				SWIFT_VERSION = 5.0;
				TARGETED_DEVICE_FAMILY = "1,2";
			};
			name = Release;
		};
		9B84B0133015B69F0008EF67 /* Debug configuration for PBXNativeTarget "FireTVBroadcastSetupUI" */ = {
			isa = XCBuildConfiguration;
			buildSettings = {
				CODE_SIGN_STYLE = Automatic;
				CURRENT_PROJECT_VERSION = 1;
				DEVELOPMENT_TEAM = B9P888266K;
				GENERATE_INFOPLIST_FILE = YES;
				INFOPLIST_FILE = FireTVBroadcastSetupUI/Info.plist;
				INFOPLIST_KEY_CFBundleDisplayName = FireTVBroadcastSetupUI;
				INFOPLIST_KEY_NSHumanReadableCopyright = "";
				LD_RUNPATH_SEARCH_PATHS = (
					"$(inherited)",
					"@executable_path/Frameworks",
					"@executable_path/../../Frameworks",
				);
				MARKETING_VERSION = 1.0;
				PRODUCT_BUNDLE_IDENTIFIER = com.aryanrogye.iOSFramesToFireTV.FireTVBroadcastSetupUI;
				PRODUCT_NAME = "$(TARGET_NAME)";
				SKIP_INSTALL = YES;
				STRING_CATALOG_GENERATE_SYMBOLS = YES;
				SWIFT_APPROACHABLE_CONCURRENCY = YES;
				SWIFT_EMIT_LOC_STRINGS = YES;
				SWIFT_UPCOMING_FEATURE_MEMBER_IMPORT_VISIBILITY = YES;
				SWIFT_VERSION = 5.0;
				TARGETED_DEVICE_FAMILY = "1,2";
			};
			name = Debug;
		};
		9B84B0143015B69F0008EF67 /* Release configuration for PBXNativeTarget "FireTVBroadcastSetupUI" */ = {
			isa = XCBuildConfiguration;
			buildSettings = {
				CODE_SIGN_STYLE = Automatic;
				CURRENT_PROJECT_VERSION = 1;
				DEVELOPMENT_TEAM = B9P888266K;
				GENERATE_INFOPLIST_FILE = YES;
				INFOPLIST_FILE = FireTVBroadcastSetupUI/Info.plist;
				INFOPLIST_KEY_CFBundleDisplayName = FireTVBroadcastSetupUI;
				INFOPLIST_KEY_NSHumanReadableCopyright = "";
				LD_RUNPATH_SEARCH_PATHS = (
					"$(inherited)",
					"@executable_path/Frameworks",
					"@executable_path/../../Frameworks",
				);
				MARKETING_VERSION = 1.0;
				PRODUCT_BUNDLE_IDENTIFIER = com.aryanrogye.iOSFramesToFireTV.FireTVBroadcastSetupUI;
				PRODUCT_NAME = "$(TARGET_NAME)";
				SKIP_INSTALL = YES;
				STRING_CATALOG_GENERATE_SYMBOLS = YES;
				SWIFT_APPROACHABLE_CONCURRENCY = YES;
				SWIFT_EMIT_LOC_STRINGS = YES;
				SWIFT_UPCOMING_FEATURE_MEMBER_IMPORT_VISIBILITY = YES;
				SWIFT_VERSION = 5.0;
				TARGETED_DEVICE_FAMILY = "1,2";
			};
			name = Release;
		};
/* End XCBuildConfiguration section */

/* Begin XCConfigurationList section */
		9B84AFCC3015AD0B0008EF67 /* Build configuration list for PBXProject "iOSFramesToFireTV" */ = {
			isa = XCConfigurationList;
			buildConfigurations = (
				9B84AFDA3015AD0D0008EF67 /* Debug configuration for PBXProject "iOSFramesToFireTV" */,
				9B84AFDB3015AD0D0008EF67 /* Release configuration for PBXProject "iOSFramesToFireTV" */,
			);
			defaultConfigurationName = Release;
		};
		9B84AFDC3015AD0D0008EF67 /* Build configuration list for PBXNativeTarget "iOSFramesToFireTV" */ = {
			isa = XCConfigurationList;
			buildConfigurations = (
				9B84AFDD3015AD0D0008EF67 /* Debug configuration for PBXNativeTarget "iOSFramesToFireTV" */,
				9B84AFDE3015AD0D0008EF67 /* Release configuration for PBXNativeTarget "iOSFramesToFireTV" */,
			);
			defaultConfigurationName = Release;
		};
		9B84B00E3015B69F0008EF67 /* Build configuration list for PBXNativeTarget "FireTVBroadcast" */ = {
			isa = XCConfigurationList;
			buildConfigurations = (
				9B84B00F3015B69F0008EF67 /* Debug configuration for PBXNativeTarget "FireTVBroadcast" */,
				9B84B0103015B69F0008EF67 /* Release configuration for PBXNativeTarget "FireTVBroadcast" */,
			);
			defaultConfigurationName = Release;
		};
		9B84B0123015B69F0008EF67 /* Build configuration list for PBXNativeTarget "FireTVBroadcastSetupUI" */ = {
			isa = XCConfigurationList;
			buildConfigurations = (
				9B84B0133015B69F0008EF67 /* Debug configuration for PBXNativeTarget "FireTVBroadcastSetupUI" */,
				9B84B0143015B69F0008EF67 /* Release configuration for PBXNativeTarget "FireTVBroadcastSetupUI" */,
			);
			defaultConfigurationName = Release;
		};
/* End XCConfigurationList section */

/* Begin XCLocalSwiftPackageReference section */
		9B84AFDF3015AD280008EF67 /* XCLocalSwiftPackageReference "../SnapCore" */ = {
			isa = XCLocalSwiftPackageReference;
			relativePath = ../SnapCore;
		};
/* End XCLocalSwiftPackageReference section */

/* Begin XCSwiftPackageProductDependency section */
		9B84AFE03015AD280008EF67 /* SnapCore */ = {
			isa = XCSwiftPackageProductDependency;
			package = 9B84AFDF3015AD280008EF67 /* XCLocalSwiftPackageReference "../SnapCore" */;
			productName = SnapCore;
		};
		9B84AFE23015AD280008EF67 /* SnapCoreEngine */ = {
			isa = XCSwiftPackageProductDependency;
			package = 9B84AFDF3015AD280008EF67 /* XCLocalSwiftPackageReference "../SnapCore" */;
			productName = SnapCoreEngine;
		};
/* End XCSwiftPackageProductDependency section */
	};
	rootObject = 9B84AFC93015AD0B0008EF67 /* Project object */;
	validationLevel = 1;
}
